
Microsoft Visual Studio Solution File, Format Version 12.00
# Visual Studio Version 16
VisualStudioVersion = 16.0.29306.81
MinimumVisualStudioVersion = 10.0.40219.1
Project("{FAE04EC0-301F-11D3-BF4B-00C04F79EFBC}") = "P01", "P01\P01.csproj", "{32DFAC6A-9523-4E21-B12C-6357C46BB41A}"
EndProject
Project("{FAE04EC0-301F-11D3-BF4B-00C04F79EFBC}") = "P03", "P03\P03.csproj", "{A5666A69-7198-4FBB-BABC-658FE601F071}"
EndProject
Project("{FAE04EC0-301F-11D3-BF4B-00C04F79EFBC}") = "P04", "P04\P04.csproj", "{09A78D37-BD22-45C9-9126-C713E646828D}"
EndProject
Project("{FAE04EC0-301F-11D3-BF4B-00C04F79EFBC}") = "P02", "P02\P02.csproj", "{775FBEE1-98C6-4D78-86FE-6B4AFE246BE6}"
EndProject
Global
	GlobalSection(SolutionConfigurationPlatforms) = preSolution
		Debug|Any CPU = Debug|Any CPU
		Release|Any CPU = Release|Any CPU
	EndGlobalSection
	GlobalSection(ProjectConfigurationPlatforms) = postSolution
		{32DFAC6A-9523-4E21-B12C-6357C46BB41A}.Debug|Any CPU.ActiveCfg = Debug|Any CPU
		{32DFAC6A-9523-4E21-B12C-6357C46BB41A}.Debug|Any CPU.Build.0 = Debug|Any CPU
		{32DFAC6A-9523-4E21-B12C-6357C46BB41A}.Release|Any CPU.ActiveCfg = Release|Any CPU
		{32DFAC6A-9523-4E21-B12C-6357C46BB41A}.Release|Any CPU.Build.0 = Release|Any CPU
		{A5666A69-7198-4FBB-BABC-658FE601F071}.Debug|Any CPU.ActiveCfg = Debug|Any CPU
		{A5666A69-7198-4FBB-BABC-658FE601F071}.Debug|Any CPU.Build.0 = Debug|Any CPU
		{A5666A69-7198-4FBB-BABC-658FE601F071}.Release|Any CPU.ActiveCfg = Release|Any CPU
		{A5666A69-7198-4FBB-BABC-658FE601F071}.Release|Any CPU.Build.0 = Release|Any CPU
		{09A78D37-BD22-45C9-9126-C713E646828D}.Debug|Any CPU.ActiveCfg = Debug|Any CPU
		{09A78D37-BD22-45C9-9126-C713E646828D}.Debug|Any CPU.Build.0 = Debug|Any CPU
		{09A78D37-BD22-45C9-9126-C713E646828D}.Release|Any CPU.ActiveCfg = Release|Any CPU
		{09A78D37-BD22-45C9-9126-C713E646828D}.Release|Any CPU.Build.0 = Release|Any CPU
		{775FBEE1-98C6-4D78-86FE-6B4AFE246BE6}.Debug|Any CPU.ActiveCfg = Debug|Any CPU
		{775FBEE1-98C6-4D78-86FE-6B4AFE246BE6}.Debug|Any CPU.Build.0 = Debug|Any CPU
		{775FBEE1-98C6-4D78-86FE-6B4AFE246BE6}.Release|Any CPU.ActiveCfg = Release|Any CPU
		{775FBEE1-98C6-4D78-86FE-6B4AFE246BE6}.Release|Any CPU.Build.0 = Release|Any CPU
	EndGlobalSection
	GlobalSection(SolutionProperties) = preSolution
		HideSolutionNode = FALSE
	EndGlobalSection
	GlobalSection(ExtensibilityGlobals) = postSolution
		SolutionGuid = {6B7DCAC2-97D6-4FBA-9787-ACEA63CD0F9A}
	EndGlobalSection
EndGlobal
